
Microsoft Visual Studio Solution File, Format Version 12.00
# Visual Studio Version 17
VisualStudioVersion = 17.7.34031.279
MinimumVisualStudioVersion = 10.0.40219.1
Project("{9A19103F-16F7-4668-BE54-9A1E7A4F7556}") = "HospitalManagement.DataAccess", "HospitalManagement.DataAccess\HospitalManagement.DataAccess.csproj", "{C62C917B-E46D-4308-ACFD-8EE443BAD7A6}"
EndProject
Project("{9A19103F-16F7-4668-BE54-9A1E7A4F7556}") = "HospitalManagement.BussinessLogic", "HospitalManagement.BussinessLogic\HospitalManagement.BussinessLogic.csproj", "{FA06D87D-9D4F-42C6-9743-45FB57B5057F}"
EndProject
Project("{9A19103F-16F7-4668-BE54-9A1E7A4F7556}") = "HosbitalManagement.API", "HosbitalManagement.Presentation\HosbitalManagement.API.csproj", "{15C7A8BC-F23B-4347-9E82-8F9E877E52D2}"
EndProject
Global
	GlobalSection(SolutionConfigurationPlatforms) = preSolution
		Debug|Any CPU = Debug|Any CPU
		Release|Any CPU = Release|Any CPU
	EndGlobalSection
	GlobalSection(ProjectConfigurationPlatforms) = postSolution
		{C62C917B-E46D-4308-ACFD-8EE443BAD7A6}.Debug|Any CPU.ActiveCfg = Debug|Any CPU
		{C62C917B-E46D-4308-ACFD-8EE443BAD7A6}.Debug|Any CPU.Build.0 = Debug|Any CPU
		{C62C917B-E46D-4308-ACFD-8EE443BAD7A6}.Release|Any CPU.ActiveCfg = Release|Any CPU
		{C62C917B-E46D-4308-ACFD-8EE443BAD7A6}.Release|Any CPU.Build.0 = Release|Any CPU
		{FA06D87D-9D4F-42C6-9743-45FB57B5057F}.Debug|Any CPU.ActiveCfg = Debug|Any CPU
		{FA06D87D-9D4F-42C6-9743-45FB57B5057F}.Debug|Any CPU.Build.0 = Debug|Any CPU
		{FA06D87D-9D4F-42C6-9743-45FB57B5057F}.Release|Any CPU.ActiveCfg = Release|Any CPU
		{FA06D87D-9D4F-42C6-9743-45FB57B5057F}.Release|Any CPU.Build.0 = Release|Any CPU
		{15C7A8BC-F23B-4347-9E82-8F9E877E52D2}.Debug|Any CPU.ActiveCfg = Debug|Any CPU
		{15C7A8BC-F23B-4347-9E82-8F9E877E52D2}.Debug|Any CPU.Build.0 = Debug|Any CPU
		{15C7A8BC-F23B-4347-9E82-8F9E877E52D2}.Release|Any CPU.ActiveCfg = Release|Any CPU
		{15C7A8BC-F23B-4347-9E82-8F9E877E52D2}.Release|Any CPU.Build.0 = Release|Any CPU
	EndGlobalSection
	GlobalSection(SolutionProperties) = preSolution
		HideSolutionNode = FALSE
	EndGlobalSection
	GlobalSection(ExtensibilityGlobals) = postSolution
		SolutionGuid = {6D7307D2-61FA-4A0C-A3DA-2F3302A17036}
	EndGlobalSection
EndGlobal
